{
	"requires": true,
	"lockfileVersion": 1,
	"dependencies": {
		"component-classes": {
			"version": "1.2.6",
			"resolved": "https://registry.npmjs.org/component-classes/-/component-classes-1.2.6.tgz",
			"integrity": "sha1-xkI5TDYYpNiwuJGe/Mu9kw5c1pE=",
			"requires": {
				"component-indexof": "0.0.3"
			}
		},
		"component-closest": {
			"version": "0.1.4",
			"resolved": "https://registry.npmjs.org/component-closest/-/component-closest-0.1.4.tgz",
			"integrity": "sha1-W3L8UtkGB+dRFcr9w7B+JzSN5xs=",
			"requires": {
				"component-matches-selector": "0.1.6"
			}
		},
		"component-delegate": {
			"version": "0.2.4",
			"resolved": "https://registry.npmjs.org/component-delegate/-/component-delegate-0.2.4.tgz",
			"integrity": "sha1-3FAodZ6mgb6oSj1rvWUCB8O+sTg=",
			"requires": {
				"component-closest": "0.1.4",
				"component-event": "0.1.4"
			}
		},
		"component-event": {
			"version": "0.1.4",
			"resolved": "https://registry.npmjs.org/component-event/-/component-event-0.1.4.tgz",
			"integrity": "sha1-PeePwoeCOBeH4kvyp8U2vwFCybQ="
		},
		"component-indexof": {
			"version": "0.0.3",
			"resolved": "https://registry.npmjs.org/component-indexof/-/component-indexof-0.0.3.tgz",
			"integrity": "sha1-EdCRMSI5648yyPJa6csAL/6NPCQ="
		},
		"component-matches-selector": {
			"version": "0.1.6",
			"resolved": "https://registry.npmjs.org/component-matches-selector/-/component-matches-selector-0.1.6.tgz",
			"integrity": "sha1-e2MOBOfgw7ABnzF0n9cK9e2Lly4=",
			"requires": {
				"component-query": "0.0.3"
			}
		},
		"component-query": {
			"version": "0.0.3",
			"resolved": "https://registry.npmjs.org/component-query/-/component-query-0.0.3.tgz",
			"integrity": "sha1-B/Sdq3Bx+pYGcl31PmB/RorNqs8="
		},
		"diagram-js": {
			"version": "0.22.3",
			"resolved": "https://registry.npmjs.org/diagram-js/-/diagram-js-0.22.3.tgz",
			"integrity": "sha512-naqn6IOOrjDICBNvQGUW5ax1Y+84Yi9JrgmXLJWo9Zp0nC3L4WRkIGyF++iao+4ZiK8D3hVJ/3mSCAlaN4HT+w==",
			"requires": {
				"didi": "0.1.1",
				"hammerjs": "2.0.8",
				"inherits": "2.0.3",
				"lodash": "3.10.1",
				"min-dom": "0.2.0",
				"object-refs": "0.1.1",
				"tiny-svg": "0.1.3"
			}
		},
		"diagram-js-direct-editing": {
			"version": "0.19.0",
			"resolved": "https://registry.npmjs.org/diagram-js-direct-editing/-/diagram-js-direct-editing-0.19.0.tgz",
			"integrity": "sha1-fZ6OZcJDV+S3mdyVWSjFQCTfN7A=",
			"requires": {
				"lodash": "3.10.1",
				"min-dom": "0.2.0"
			}
		},
		"didi": {
			"version": "0.1.1",
			"resolved": "https://registry.npmjs.org/didi/-/didi-0.1.1.tgz",
			"integrity": "sha1-aG5EaRucpSurG4nDxmqBdLMkmGQ="
		},
		"domify": {
			"version": "1.4.0",
			"resolved": "https://registry.npmjs.org/domify/-/domify-1.4.0.tgz",
			"integrity": "sha1-EUg2F/dk+GlZdbS9x5sU8IA7Yps="
		},
		"hammerjs": {
			"version": "2.0.8",
			"resolved": "https://registry.npmjs.org/hammerjs/-/hammerjs-2.0.8.tgz",
			"integrity": "sha1-BO93hiz/K7edMPdpIJWTAiK/YPE="
		},
		"inherits": {
			"version": "2.0.3",
			"resolved": "https://registry.npmjs.org/inherits/-/inherits-2.0.3.tgz",
			"integrity": "sha1-Yzwsg+PaQqUC9SRmAiSA9CCCYd4="
		},
		"lodash": {
			"version": "3.10.1",
			"resolved": "https://registry.npmjs.org/lodash/-/lodash-3.10.1.tgz",
			"integrity": "sha1-W/Rejkm6QYnhfUgnid/RW9FAt7Y="
		},
		"min-dom": {
			"version": "0.2.0",
			"resolved": "https://registry.npmjs.org/min-dom/-/min-dom-0.2.0.tgz",
			"integrity": "sha1-fxo/ishcBa3uez9A4AxSgDB1zV0=",
			"requires": {
				"component-classes": "1.2.6",
				"component-closest": "0.1.4",
				"component-delegate": "0.2.4",
				"component-event": "0.1.4",
				"component-matches-selector": "0.1.6",
				"component-query": "0.0.3",
				"domify": "1.4.0"
			}
		},
		"mocha-test-container-support": {
			"version": "0.2.0",
			"resolved": "https://registry.npmjs.org/mocha-test-container-support/-/mocha-test-container-support-0.2.0.tgz",
			"integrity": "sha1-Av0maBMSuS2vS7yof/YJNXISzYU="
		},
		"object-refs": {
			"version": "0.1.1",
			"resolved": "https://registry.npmjs.org/object-refs/-/object-refs-0.1.1.tgz",
			"integrity": "sha1-NT912mM+qEamHvDfBOxrqUH4b8Q="
		},
		"tiny-svg": {
			"version": "0.1.3",
			"resolved": "https://registry.npmjs.org/tiny-svg/-/tiny-svg-0.1.3.tgz",
			"integrity": "sha512-xSijn0Y49l4IzGAPpVg2Pzmey7y7Toa0sTTAtAZb3LGSKbC+LLqGv7ecaORgeeYAIup0hChnsc2/p8cEtIl/TQ=="
		}
	}
}
