{
  "name": "dmn-js-drd",
  "version": "14.0.0",
  "lockfileVersion": 1,
  "requires": true,
  "dependencies": {
    "@bpmn-io/diagram-js-ui": {
      "version": "0.2.1",
      "resolved": "https://registry.npmjs.org/@bpmn-io/diagram-js-ui/-/diagram-js-ui-0.2.1.tgz",
      "integrity": "sha512-8opVJ0MTc2T6T0/8mVSmnBvdIyYjygSahLZ394A9YprjuCoqnfhxQ4TKZ/M/oN2ynvGt6N2mQv6SOGnRhqUovA==",
      "requires": {
        "htm": "^3.1.1",
        "preact": "^10.11.2"
      }
    },
    "clsx": {
      "version": "1.2.1",
      "resolved": "https://registry.npmjs.org/clsx/-/clsx-1.2.1.tgz",
      "integrity": "sha512-EcR6r5a8bj6pu3ycsa/E/cKVGuTgZJZdsyUYHOksG/UHIiKfjxzRxYJpyVBwYaQeOvghal9fcc4PidlgzugAQg=="
    },
    "component-event": {
      "version": "0.1.4",
      "resolved": "https://registry.npmjs.org/component-event/-/component-event-0.1.4.tgz",
      "integrity": "sha512-GMwOG8MnUHP1l8DZx1ztFO0SJTFnIzZnBDkXAj8RM2ntV2A6ALlDxgbMY1Fvxlg6WPQ+5IM/a6vg4PEYbjg/Rw=="
    },
    "component-props": {
      "version": "1.1.1",
      "resolved": "https://registry.npmjs.org/component-props/-/component-props-1.1.1.tgz",
      "integrity": "sha512-69pIRJs9fCCHRqCz3390YF2LV1Lu6iEMZ5zuVqqUn+G20V9BNXlMs0cWawWeW9g4Ynmg29JmkG6R7/lUJoGd1Q=="
    },
    "component-xor": {
      "version": "0.0.4",
      "resolved": "https://registry.npmjs.org/component-xor/-/component-xor-0.0.4.tgz",
      "integrity": "sha512-ZIt6sla8gfo+AFVRZoZOertcnD5LJaY2T9CKE2j13NJxQt/mUafD69Bl7/Y4AnpI2LGjiXH7cOfJDx/n2G9edA=="
    },
    "css.escape": {
      "version": "1.5.1",
      "resolved": "https://registry.npmjs.org/css.escape/-/css.escape-1.5.1.tgz",
      "integrity": "sha512-YUifsXXuknHlUsmlgyY0PKzgPOr7/FjCePfHNt0jxm83wHZi44VDMQ7/fGNkjY3/jV1MC+1CmZbaHzugyeRtpg=="
    },
    "diagram-js": {
      "version": "11.4.1",
      "resolved": "https://registry.npmjs.org/diagram-js/-/diagram-js-11.4.1.tgz",
      "integrity": "sha512-JYVNwoGZY1Zi/2LoXpPUBLu9dGgEzWNqK4yH6nnGNDfqrtfALK3RaMXFMVrKdmX5XV/DmSMf4qFpu/U/8s7VDw==",
      "requires": {
        "@bpmn-io/diagram-js-ui": "^0.2.0",
        "clsx": "^1.2.1",
        "css.escape": "^1.5.1",
        "didi": "^9.0.0",
        "hammerjs": "^2.0.1",
        "inherits-browser": "^0.1.0",
        "min-dash": "^4.0.0",
        "min-dom": "^4.0.2",
        "object-refs": "^0.3.0",
        "path-intersection": "^2.2.1",
        "tiny-svg": "^3.0.0"
      },
      "dependencies": {
        "min-dash": {
          "version": "4.0.0",
          "resolved": "https://registry.npmjs.org/min-dash/-/min-dash-4.0.0.tgz",
          "integrity": "sha512-piIvVJ/nxuA4+LpnYIzF6oCtRvdtDvQJteSC+H768H2UvPKFKIt5oiJnUVtr0ZdchneXTcvUZ91vIrvWVIN0AA=="
        },
        "min-dom": {
          "version": "4.0.3",
          "resolved": "https://registry.npmjs.org/min-dom/-/min-dom-4.0.3.tgz",
          "integrity": "sha512-5zQyCMe8rtGiDIRjfGeqnF2YPJ7OAPFdJQeC7MakHais3dh4VG4PV2a0FacziKTzJjYK5qnPKm2sq1wSXB1wTQ==",
          "requires": {
            "component-event": "^0.1.4",
            "domify": "^1.4.1",
            "min-dash": "^4.0.0"
          }
        }
      }
    },
    "diagram-js-direct-editing": {
      "version": "1.8.0",
      "resolved": "https://registry.npmjs.org/diagram-js-direct-editing/-/diagram-js-direct-editing-1.8.0.tgz",
      "integrity": "sha512-B4Xj+PJfgBjbPEzT3uZQEkZI5xHFB0Izc+7BhDFuHidzrEMzQKZrFGdA3PqfWhReHf3dp+iB6Tt11G9eGNjKMw==",
      "requires": {
        "min-dash": "^3.5.2",
        "min-dom": "^3.1.3"
      }
    },
    "didi": {
      "version": "9.0.0",
      "resolved": "https://registry.npmjs.org/didi/-/didi-9.0.0.tgz",
      "integrity": "sha512-bOZ7WAah3t8TxKV81pbIivHjWyABot49YXG1M3QztnUlZDHz3MRNJ1nZO87JbqrkqNI/2GR4ncHfXdGIP9LX+w=="
    },
    "dmn-font": {
      "version": "0.6.2",
      "resolved": "https://registry.npmjs.org/dmn-font/-/dmn-font-0.6.2.tgz",
      "integrity": "sha512-eGwVFI8X0O/MyBL5cQFZze2TT0IKtj06o/hsBrSWLqMef7lKIw7h0H7XgVkkt/YuHZdL2wXJMbJusV1V/Uwn3A==",
      "dev": true
    },
    "dmn-js-shared": {
      "version": "14.0.0",
      "resolved": "https://registry.npmjs.org/dmn-js-shared/-/dmn-js-shared-14.0.0.tgz",
      "integrity": "sha512-W6ndEZHCmzRwZ3IgqVuu4lW+4RcqfX0/KzyNHj8YhVY0xn4QyutdMlmzMKrWx6XT/05E6ym8zPsU0ygjk0oEyA==",
      "requires": {
        "diagram-js": "^11.3.0",
        "didi": "^8.0.1",
        "dmn-moddle": "^10.0.0",
        "ids": "^0.2.0",
        "inferno": "~5.6.2",
        "min-dash": "^3.5.2",
        "min-dom": "^3.1.3",
        "selection-ranges": "^3.0.2",
        "selection-update": "^0.1.2",
        "table-js": "^8.0.1"
      },
      "dependencies": {
        "didi": {
          "version": "8.0.2",
          "resolved": "https://registry.npmjs.org/didi/-/didi-8.0.2.tgz",
          "integrity": "sha512-Wpq46GzfER5kVkqFCJtHTXsdlqh6SRPA60jTrKECQ1cl84/ALpQJrqAFlEXpue+Lxi7/6xzFIxC5V3UsS/x9aA=="
        }
      }
    },
    "dmn-moddle": {
      "version": "10.0.0",
      "resolved": "https://registry.npmjs.org/dmn-moddle/-/dmn-moddle-10.0.0.tgz",
      "integrity": "sha512-JD08qH2VqA7O54qCQFrGruwGyVovow+9g2O5/ww0KpC/n0mvuua117dz2CONiUWexJxq/dOAaMjrQwkWnK+oEA==",
      "requires": {
        "min-dash": "^3.0.0",
        "moddle": "^5.0.1",
        "moddle-xml": "^9.0.5"
      }
    },
    "dom-iterator": {
      "version": "1.0.0",
      "resolved": "https://registry.npmjs.org/dom-iterator/-/dom-iterator-1.0.0.tgz",
      "integrity": "sha512-7dsMOQI07EMU98gQM8NSB3GsAiIeBYIPKpnxR3c9xOvdvBjChAcOM0iJ222I3p5xyiZO9e5oggkNaCusuTdYig==",
      "requires": {
        "component-props": "1.1.1",
        "component-xor": "0.0.4"
      }
    },
    "domify": {
      "version": "1.4.1",
      "resolved": "https://registry.npmjs.org/domify/-/domify-1.4.1.tgz",
      "integrity": "sha512-x18nuiDHMCZGXr4KJSRMf/TWYtiaRo6RX8KN9fEbW54mvbQ6pieUuerC2ahBg+kEp1wycFj8MPUI0WkIOw5E9w=="
    },
    "hammerjs": {
      "version": "2.0.8",
      "resolved": "https://registry.npmjs.org/hammerjs/-/hammerjs-2.0.8.tgz",
      "integrity": "sha512-tSQXBXS/MWQOn/RKckawJ61vvsDpCom87JgxiYdGwHdOa0ht0vzUWDlfioofFCRU0L+6NGDt6XzbgoJvZkMeRQ=="
    },
    "hat": {
      "version": "0.0.3",
      "resolved": "https://registry.npmjs.org/hat/-/hat-0.0.3.tgz",
      "integrity": "sha512-zpImx2GoKXy42fVDSEad2BPKuSQdLcqsCYa48K3zHSzM/ugWuYjLDr8IXxpVuL7uCLHw56eaiLxCRthhOzf5ug=="
    },
    "htm": {
      "version": "3.1.1",
      "resolved": "https://registry.npmjs.org/htm/-/htm-3.1.1.tgz",
      "integrity": "sha512-983Vyg8NwUE7JkZ6NmOqpCZ+sh1bKv2iYTlUkzlWmA5JD2acKoxd4KVxbMmxX/85mtfdnDmTFoNKcg5DGAvxNQ=="
    },
    "ids": {
      "version": "0.2.2",
      "resolved": "https://registry.npmjs.org/ids/-/ids-0.2.2.tgz",
      "integrity": "sha512-icIO8S7A7Hat9x/59VYjS5uwfBU1xRTDxeFC4t9wNceLxZFm2JbPhO4lC/xhFqFNVaxw2idwpLgUfkVQrjsxIw==",
      "requires": {
        "hat": "^0.0.3"
      }
    },
    "indexof": {
      "version": "0.0.1",
      "resolved": "https://registry.npmjs.org/indexof/-/indexof-0.0.1.tgz",
      "integrity": "sha512-i0G7hLJ1z0DE8dsqJa2rycj9dBmNKgXBvotXtZYXakU9oivfB9Uj2ZBC27qqef2U58/ZLwalxa1X/RDCdkHtVg=="
    },
    "inferno": {
      "version": "5.6.2",
      "resolved": "https://registry.npmjs.org/inferno/-/inferno-5.6.2.tgz",
      "integrity": "sha512-+blJ5pI0+5tmxhDDF2VuAPvOO3LPN/jp2eYkGzkXq/nptp1iH1crOsbhp8be1nnAtrGcNSWLbziulkOnejOTyQ==",
      "requires": {
        "inferno-shared": "5.6.1",
        "inferno-vnode-flags": "5.6.1",
        "opencollective-postinstall": "^2.0.3"
      }
    },
    "inferno-shared": {
      "version": "5.6.1",
      "resolved": "https://registry.npmjs.org/inferno-shared/-/inferno-shared-5.6.1.tgz",
      "integrity": "sha512-OoRargelGtMFpiyKiOv66Ihmkpt6LLlzw7jOkJr97QqBRIjQWVvtDSriwJIy6pER6EEz9KzRUbZBaEWdPvf5kA=="
    },
    "inferno-vnode-flags": {
      "version": "5.6.1",
      "resolved": "https://registry.npmjs.org/inferno-vnode-flags/-/inferno-vnode-flags-5.6.1.tgz",
      "integrity": "sha512-DDb6R17FX0Fs1SH+7SSVfHEFiYcN2U/DlPHB6qk2HOP149qtYgeRi5h0AAJswJCzBkV/QcBSyRirn0SAzl1NAQ=="
    },
    "inherits-browser": {
      "version": "0.1.0",
      "resolved": "https://registry.npmjs.org/inherits-browser/-/inherits-browser-0.1.0.tgz",
      "integrity": "sha512-CJHHvW3jQ6q7lzsXPpapLdMx5hDpSF3FSh45pwsj6bKxJJ8Nl8v43i5yXnr3BdfOimGHKyniewQtnAIp3vyJJw=="
    },
    "matches-selector": {
      "version": "1.2.0",
      "resolved": "https://registry.npmjs.org/matches-selector/-/matches-selector-1.2.0.tgz",
      "integrity": "sha512-c4vLwYWyl+Ji+U43eU/G5FwxWd4ZH0ePUsFs5y0uwD9HUEFBXUQ1zUUan+78IpRD+y4pUfG0nAzNM292K7ItvA=="
    },
    "min-dash": {
      "version": "3.5.2",
      "resolved": "https://registry.npmjs.org/min-dash/-/min-dash-3.5.2.tgz",
      "integrity": "sha512-YVbJZUtnzT5QsgJUp9H9uyJTW6NJgswFqI27RI/+MSox860uIjaGMbSQBftEzbMXiJVRG24hpoIh3SG666SHgA=="
    },
    "min-dom": {
      "version": "3.2.1",
      "resolved": "https://registry.npmjs.org/min-dom/-/min-dom-3.2.1.tgz",
      "integrity": "sha512-v6YCmnDzxk4rRJntWTUiwggLupPw/8ZSRqUq0PDaBwVZEO/wYzCH4SKVBV+KkEvf3u0XaWHly5JEosPtqRATZA==",
      "requires": {
        "component-event": "^0.1.4",
        "domify": "^1.3.1",
        "indexof": "0.0.1",
        "matches-selector": "^1.2.0",
        "min-dash": "^3.8.1"
      },
      "dependencies": {
        "min-dash": {
          "version": "3.8.1",
          "resolved": "https://registry.npmjs.org/min-dash/-/min-dash-3.8.1.tgz",
          "integrity": "sha512-evumdlmIlg9mbRVPbC4F5FuRhNmcMS5pvuBUbqb1G9v09Ro0ImPEgz5n3khir83lFok1inKqVDjnKEg3GpDxQg=="
        }
      }
    },
    "moddle": {
      "version": "5.0.4",
      "resolved": "https://registry.npmjs.org/moddle/-/moddle-5.0.4.tgz",
      "integrity": "sha512-Kjb+hjuzO+YlojNGxEUXvdhLYTHTtAABDlDcJTtTcn5MbJF9Zkv4I1Fyvp3Ypmfgg1EfHDZ3PsCQTuML9JD6wg==",
      "requires": {
        "min-dash": "^3.0.0"
      }
    },
    "moddle-xml": {
      "version": "9.0.6",
      "resolved": "https://registry.npmjs.org/moddle-xml/-/moddle-xml-9.0.6.tgz",
      "integrity": "sha512-tl0reHpsY/aKlLGhXeFlQWlYAQHFxTkFqC8tq8jXRYpQSnLVw13T6swMaourLd7EXqHdWsc+5ggsB+fEep6xZQ==",
      "requires": {
        "min-dash": "^3.5.2",
        "moddle": "^5.0.2",
        "saxen": "^8.1.2"
      }
    },
    "object-refs": {
      "version": "0.3.0",
      "resolved": "https://registry.npmjs.org/object-refs/-/object-refs-0.3.0.tgz",
      "integrity": "sha512-eP0ywuoWOaDoiake/6kTJlPJhs+k0qNm4nYRzXLNHj6vh+5M3i9R1epJTdxIPGlhWc4fNRQ7a6XJNCX+/L4FOQ=="
    },
    "opencollective-postinstall": {
      "version": "2.0.3",
      "resolved": "https://registry.npmjs.org/opencollective-postinstall/-/opencollective-postinstall-2.0.3.tgz",
      "integrity": "sha512-8AV/sCtuzUeTo8gQK5qDZzARrulB3egtLzFgteqB2tcT4Mw7B8Kt7JcDHmltjz6FOAHsvTevk70gZEbhM4ZS9Q=="
    },
    "path-intersection": {
      "version": "2.2.1",
      "resolved": "https://registry.npmjs.org/path-intersection/-/path-intersection-2.2.1.tgz",
      "integrity": "sha512-9u8xvMcSfuOiStv9bPdnRJQhGQXLKurew94n4GPQCdH1nj9QKC9ObbNoIpiRq8skiOBxKkt277PgOoFgAt3/rA=="
    },
    "preact": {
      "version": "10.11.3",
      "resolved": "https://registry.npmjs.org/preact/-/preact-10.11.3.tgz",
      "integrity": "sha512-eY93IVpod/zG3uMF22Unl8h9KkrcKIRs2EGar8hwLZZDU1lkjph303V9HZBwufh2s736U6VXuhD109LYqPoffg=="
    },
    "saxen": {
      "version": "8.1.2",
      "resolved": "https://registry.npmjs.org/saxen/-/saxen-8.1.2.tgz",
      "integrity": "sha512-xUOiiFbc3Ow7p8KMxwsGICPx46ZQvy3+qfNVhrkwfz3Vvq45eGt98Ft5IQaA1R/7Tb5B5MKh9fUR9x3c3nDTxw=="
    },
    "selection-ranges": {
      "version": "3.0.3",
      "resolved": "https://registry.npmjs.org/selection-ranges/-/selection-ranges-3.0.3.tgz",
      "integrity": "sha512-60Oqc07j16YCrp96uITgBFu7oT81JKMmL+cOOcxe3jvuGSiFSwsLpOSXNBAlITV9hGhEl1H6P/+g1bKnpfXoSw==",
      "requires": {
        "dom-iterator": "^1.0.0"
      }
    },
    "selection-update": {
      "version": "0.1.2",
      "resolved": "https://registry.npmjs.org/selection-update/-/selection-update-0.1.2.tgz",
      "integrity": "sha512-4jzoJNh7VT2s2tvm/kUSskSw7pD0BVcrrGccbfOMK+3AXLBPz6nIy1yo+pbXgvNoTNII96Pq92+sAY+rF0LUAA=="
    },
    "table-js": {
      "version": "8.0.1",
      "resolved": "https://registry.npmjs.org/table-js/-/table-js-8.0.1.tgz",
      "integrity": "sha512-9Ehv2F8+PzOk+3RT6a2zaiTg60B5F9RdNSngk2egwUCJ1rsEmhtr+QOef8qk323iXqa6OiaJR7HjWV071a8VHg==",
      "requires": {
        "didi": "^9.0.0",
        "ids": "^1.0.0",
        "min-dash": "^4.0.0",
        "min-dom": "^4.0.2",
        "selection-ranges": "^3.0.3"
      },
      "dependencies": {
        "ids": {
          "version": "1.0.0",
          "resolved": "https://registry.npmjs.org/ids/-/ids-1.0.0.tgz",
          "integrity": "sha512-Zvtq1xUto4LttpstyOlFum8lKx+i1OmRfg+6A9drFS9iSZsDPMHG4Sof/qwNR4kCU7jBeWFPrY2ocHxiz7cCRw=="
        },
        "min-dash": {
          "version": "4.0.0",
          "resolved": "https://registry.npmjs.org/min-dash/-/min-dash-4.0.0.tgz",
          "integrity": "sha512-piIvVJ/nxuA4+LpnYIzF6oCtRvdtDvQJteSC+H768H2UvPKFKIt5oiJnUVtr0ZdchneXTcvUZ91vIrvWVIN0AA=="
        },
        "min-dom": {
          "version": "4.0.3",
          "resolved": "https://registry.npmjs.org/min-dom/-/min-dom-4.0.3.tgz",
          "integrity": "sha512-5zQyCMe8rtGiDIRjfGeqnF2YPJ7OAPFdJQeC7MakHais3dh4VG4PV2a0FacziKTzJjYK5qnPKm2sq1wSXB1wTQ==",
          "requires": {
            "component-event": "^0.1.4",
            "domify": "^1.4.1",
            "min-dash": "^4.0.0"
          }
        }
      }
    },
    "tiny-svg": {
      "version": "3.0.0",
      "resolved": "https://registry.npmjs.org/tiny-svg/-/tiny-svg-3.0.0.tgz",
      "integrity": "sha512-+u6VomQO7MbI7CQe5q1IwNePpbVKG/HVdUQBmaEpSCdP/QmeyjhrS6WKFsNetXlvf9LWu/f5woRqjMdxBMe/0w=="
    }
  }
}
